
Microsoft Visual Studio Solution File, Format Version 12.00
# Visual Studio 15
VisualStudioVersion = 15.0.28010.2046
MinimumVisualStudioVersion = 10.0.40219.1
Project("{FAE04EC0-301F-11D3-BF4B-00C04F79EFBC}") = "LearningHowToUee.NetCore", "LearningHowToUee.NetCore\LearningHowToUee.NetCore.csproj", "{181F3B98-5EC2-4A0A-93EF-3E92586F7A82}"
EndProject
Global
	GlobalSection(SolutionConfigurationPlatforms) = preSolution
		Debug|Any CPU = Debug|Any CPU
		Release|Any CPU = Release|Any CPU
	EndGlobalSection
	GlobalSection(ProjectConfigurationPlatforms) = postSolution
		{181F3B98-5EC2-4A0A-93EF-3E92586F7A82}.Debug|Any CPU.ActiveCfg = Debug|Any CPU
		{181F3B98-5EC2-4A0A-93EF-3E92586F7A82}.Debug|Any CPU.Build.0 = Debug|Any CPU
		{181F3B98-5EC2-4A0A-93EF-3E92586F7A82}.Release|Any CPU.ActiveCfg = Release|Any CPU
		{181F3B98-5EC2-4A0A-93EF-3E92586F7A82}.Release|Any CPU.Build.0 = Release|Any CPU
	EndGlobalSection
	GlobalSection(SolutionProperties) = preSolution
		HideSolutionNode = FALSE
	EndGlobalSection
	GlobalSection(ExtensibilityGlobals) = postSolution
		SolutionGuid = {5622AD77-9755-45E0-B132-9EE58372A614}
	EndGlobalSection
EndGlobal
